{
  "name": "imageviewer-quickstart",
  "lockfileVersion": 3,
  "requires": true,
  "packages": {
    "": {
      "dependencies": {
        "@mescius/dsimageviewer": "^9.0.3"
      }
    },
    "node_modules/@mescius/dsimageviewer": {
      "version": "9.0.3",
      "resolved": "https://registry.npmjs.org/@mescius/dsimageviewer/-/dsimageviewer-9.0.3.tgz",
      "integrity": "sha512-KnNwGC4beiLOPAKL6QzVwDcHftphlza2oJwlK8JAXBVEJio+xaXZAF08CEVMV81GIxjLs0iX1gdK8v8ius+8+A==",
      "license": "Commercial"
    }
  }
}
